<?xml version="1.0" encoding="utf-8"?>
<Project ToolsVersion="4.0" xmlns="http://schemas.microsoft.com/developer/msbuild/2003">
  <ItemGroup>
    <Filter Include="소스 파일">
      <UniqueIdentifier>{4FC737F1-C7A5-4376-A066-2A32D752A2FF}</UniqueIdentifier>
      <Extensions>cpp;c;cc;cxx;def;odl;idl;hpj;bat;asm;asmx</Extensions>
    </Filter>
    <Filter Include="헤더 파일">
      <UniqueIdentifier>{93995380-89BD-4b04-88EB-625FBE52EBFB}</UniqueIdentifier>
      <Extensions>h;hh;hpp;hxx;hm;inl;inc;ipp;xsd</Extensions>
    </Filter>
    <Filter Include="리소스 파일">
      <UniqueIdentifier>{67DA6AB6-F800-4c08-8B7A-83BB121AAD01}</UniqueIdentifier>
      <Extensions>rc;ico;cur;bmp;dlg;rc2;rct;bin;rgs;gif;jpg;jpeg;jpe;resx;tiff;tif;png;wav;mfcribbon-ms</Extensions>
    </Filter>
  </ItemGroup>
  <ItemGroup>
    <ClInclude Include="main.h">
      <Filter>헤더 파일</Filter>
    </ClInclude>
    <ClInclude Include="mainDlg.h">
      <Filter>헤더 파일</Filter>
    </ClInclude>
    <ClInclude Include="stdafx.h">
      <Filter>헤더 파일</Filter>
    </ClInclude>
    <ClInclude Include="targetver.h">
      <Filter>헤더 파일</Filter>
    </ClInclude>
    <ClInclude Include="Resource.h">
      <Filter>헤더 파일</Filter>
    </ClInclude>
    <ClInclude Include="CStageDlg.h">
      <Filter>헤더 파일</Filter>
    </ClInclude>
    <ClInclude Include="CCardDlg.h">
      <Filter>헤더 파일</Filter>
    </ClInclude>
    <ClInclude Include="CDeckDlg.h">
      <Filter>헤더 파일</Filter>
    </ClInclude>
    <ClInclude Include="CDogPigDlg.h">
      <Filter>헤더 파일</Filter>
    </ClInclude>
    <ClInclude Include="CResultDlg.h">
      <Filter>헤더 파일</Filter>
    </ClInclude>
    <ClInclude Include="CNameDlg.h">
      <Filter>헤더 파일</Filter>
    </ClInclude>
    <ClInclude Include="CMyEdit.h">
      <Filter>헤더 파일</Filter>
    </ClInclude>
    <ClInclude Include="PlayGame.h">
      <Filter>헤더 파일</Filter>
    </ClInclude>
    <ClInclude Include="Unit.h">
      <Filter>헤더 파일</Filter>
    </ClInclude>
    <ClInclude Include="UnitTime.h">
      <Filter>헤더 파일</Filter>
    </ClInclude>
  </ItemGroup>
  <ItemGroup>
    <ClCompile Include="main.cpp">
      <Filter>소스 파일</Filter>
    </ClCompile>
    <ClCompile Include="mainDlg.cpp">
      <Filter>소스 파일</Filter>
    </ClCompile>
    <ClCompile Include="stdafx.cpp">
      <Filter>소스 파일</Filter>
    </ClCompile>
    <ClCompile Include="CStageDlg.cpp">
      <Filter>소스 파일</Filter>
    </ClCompile>
    <ClCompile Include="CCardDlg.cpp">
      <Filter>소스 파일</Filter>
    </ClCompile>
    <ClCompile Include="CDeckDlg.cpp">
      <Filter>소스 파일</Filter>
    </ClCompile>
    <ClCompile Include="CDogPigDlg.cpp">
      <Filter>소스 파일</Filter>
    </ClCompile>
    <ClCompile Include="CResultDlg.cpp">
      <Filter>소스 파일</Filter>
    </ClCompile>
    <ClCompile Include="CNameDlg.cpp">
      <Filter>소스 파일</Filter>
    </ClCompile>
    <ClCompile Include="CMyEdit.cpp">
      <Filter>소스 파일</Filter>
    </ClCompile>
    <ClCompile Include="PlayGame.cpp">
      <Filter>소스 파일</Filter>
    </ClCompile>
    <ClCompile Include="Unit.cpp">
      <Filter>소스 파일</Filter>
    </ClCompile>
    <ClCompile Include="UnitTime.cpp">
      <Filter>소스 파일</Filter>
    </ClCompile>
  </ItemGroup>
  <ItemGroup>
    <ResourceCompile Include="main.rc">
      <Filter>리소스 파일</Filter>
    </ResourceCompile>
  </ItemGroup>
  <ItemGroup>
    <None Include="res\main.rc2">
      <Filter>리소스 파일</Filter>
    </None>
  </ItemGroup>
  <ItemGroup>
    <Image Include="res\main.ico">
      <Filter>리소스 파일</Filter>
    </Image>
    <Image Include="..\..\Desktop\1\100000_soldier_0.bmp">
      <Filter>리소스 파일</Filter>
    </Image>
    <Image Include="..\..\Desktop\1\100000_soldier_1.bmp">
      <Filter>리소스 파일</Filter>
    </Image>
    <Image Include="..\..\Desktop\1\100000_soldier_2.bmp">
      <Filter>리소스 파일</Filter>
    </Image>
    <Image Include="..\..\Desktop\1\100000_soldier_3.bmp">
      <Filter>리소스 파일</Filter>
    </Image>
    <Image Include="..\..\Desktop\1\100000_soldierR_0.bmp">
      <Filter>리소스 파일</Filter>
    </Image>
    <Image Include="..\..\Desktop\1\100000_soldierR_1.bmp">
      <Filter>리소스 파일</Filter>
    </Image>
    <Image Include="..\..\Desktop\1\100000_soldierR_2.bmp">
      <Filter>리소스 파일</Filter>
    </Image>
    <Image Include="..\..\Desktop\1\100000_soldierR_3.bmp">
      <Filter>리소스 파일</Filter>
    </Image>
    <Image Include="..\..\Desktop\1\100001_archer_0.bmp">
      <Filter>리소스 파일</Filter>
    </Image>
    <Image Include="..\..\Desktop\1\100001_archer_1.bmp">
      <Filter>리소스 파일</Filter>
    </Image>
    <Image Include="..\..\Desktop\1\100001_archer_2.bmp">
      <Filter>리소스 파일</Filter>
    </Image>
    <Image Include="..\..\Desktop\1\100001_archer_3.bmp">
      <Filter>리소스 파일</Filter>
    </Image>
    <Image Include="..\..\Desktop\1\100001_archerR_0.bmp">
      <Filter>리소스 파일</Filter>
    </Image>
    <Image Include="..\..\Desktop\1\100001_archerR_1.bmp">
      <Filter>리소스 파일</Filter>
    </Image>
    <Image Include="..\..\Desktop\1\100001_archerR_2.bmp">
      <Filter>리소스 파일</Filter>
    </Image>
    <Image Include="..\..\Desktop\1\100001_archerR_3.bmp">
      <Filter>리소스 파일</Filter>
    </Image>
    <Image Include="..\..\Desktop\1\100002_warrior_0.bmp">
      <Filter>리소스 파일</Filter>
    </Image>
    <Image Include="..\..\Desktop\1\100002_warrior_1.bmp">
      <Filter>리소스 파일</Filter>
    </Image>
    <Image Include="..\..\Desktop\1\100002_warrior_2.bmp">
      <Filter>리소스 파일</Filter>
    </Image>
    <Image Include="..\..\Desktop\1\100002_warrior_3.bmp">
      <Filter>리소스 파일</Filter>
    </Image>
    <Image Include="..\..\Desktop\1\100002_warriorR_0.bmp">
      <Filter>리소스 파일</Filter>
    </Image>
    <Image Include="..\..\Desktop\1\100002_warriorR_1.bmp">
      <Filter>리소스 파일</Filter>
    </Image>
    <Image Include="..\..\Desktop\1\100002_warriorR_2.bmp">
      <Filter>리소스 파일</Filter>
    </Image>
    <Image Include="..\..\Desktop\1\100002_warriorR_3.bmp">
      <Filter>리소스 파일</Filter>
    </Image>
    <Image Include="..\..\Desktop\1\100003_arti_0.bmp">
      <Filter>리소스 파일</Filter>
    </Image>
    <Image Include="..\..\Desktop\1\100003_arti_1.bmp">
      <Filter>리소스 파일</Filter>
    </Image>
    <Image Include="..\..\Desktop\1\100003_arti_2.bmp">
      <Filter>리소스 파일</Filter>
    </Image>
    <Image Include="..\..\Desktop\1\100003_arti_3.bmp">
      <Filter>리소스 파일</Filter>
    </Image>
    <Image Include="..\..\Desktop\1\100003_artiR_0.bmp">
      <Filter>리소스 파일</Filter>
    </Image>
    <Image Include="..\..\Desktop\1\100003_artiR_1.bmp">
      <Filter>리소스 파일</Filter>
    </Image>
    <Image Include="..\..\Desktop\1\100003_artiR_2.bmp">
      <Filter>리소스 파일</Filter>
    </Image>
    <Image Include="..\..\Desktop\1\100003_artiR_3.bmp">
      <Filter>리소스 파일</Filter>
    </Image>
    <Image Include="..\..\Desktop\1\100004_skt_archer_0.bmp">
      <Filter>리소스 파일</Filter>
    </Image>
    <Image Include="..\..\Desktop\1\100004_skt_archer_1.bmp">
      <Filter>리소스 파일</Filter>
    </Image>
    <Image Include="..\..\Desktop\1\100004_skt_archer_2.bmp">
      <Filter>리소스 파일</Filter>
    </Image>
    <Image Include="..\..\Desktop\1\100004_skt_archer_3.bmp">
      <Filter>리소스 파일</Filter>
    </Image>
    <Image Include="..\..\Desktop\1\100004_skt_archerR_0.bmp">
      <Filter>리소스 파일</Filter>
    </Image>
    <Image Include="..\..\Desktop\1\100004_skt_archerR_1.bmp">
      <Filter>리소스 파일</Filter>
    </Image>
    <Image Include="..\..\Desktop\1\100004_skt_archerR_2.bmp">
      <Filter>리소스 파일</Filter>
    </Image>
    <Image Include="..\..\Desktop\1\100004_skt_archerR_3.bmp">
      <Filter>리소스 파일</Filter>
    </Image>
    <Image Include="..\..\Desktop\1\100005_greeny_0.bmp">
      <Filter>리소스 파일</Filter>
    </Image>
    <Image Include="..\..\Desktop\1\100005_greeny_1.bmp">
      <Filter>리소스 파일</Filter>
    </Image>
    <Image Include="..\..\Desktop\1\100005_greeny_2.bmp">
      <Filter>리소스 파일</Filter>
    </Image>
    <Image Include="..\..\Desktop\1\100005_greeny_3.bmp">
      <Filter>리소스 파일</Filter>
    </Image>
    <Image Include="..\..\Desktop\1\100005_greenyR_0.bmp">
      <Filter>리소스 파일</Filter>
    </Image>
    <Image Include="..\..\Desktop\1\100005_greenyR_1.bmp">
      <Filter>리소스 파일</Filter>
    </Image>
    <Image Include="..\..\Desktop\1\100005_greenyR_2.bmp">
      <Filter>리소스 파일</Filter>
    </Image>
    <Image Include="..\..\Desktop\1\100005_greenyR_3.bmp">
      <Filter>리소스 파일</Filter>
    </Image>
    <Image Include="..\..\Desktop\1\100006_skt_arti_0.bmp">
      <Filter>리소스 파일</Filter>
    </Image>
    <Image Include="..\..\Desktop\1\100006_skt_arti_1.bmp">
      <Filter>리소스 파일</Filter>
    </Image>
    <Image Include="..\..\Desktop\1\100006_skt_arti_2.bmp">
      <Filter>리소스 파일</Filter>
    </Image>
    <Image Include="..\..\Desktop\1\100006_skt_arti_3.bmp">
      <Filter>리소스 파일</Filter>
    </Image>
    <Image Include="..\..\Desktop\1\100006_skt_artiR_0.bmp">
      <Filter>리소스 파일</Filter>
    </Image>
    <Image Include="..\..\Desktop\1\100006_skt_artiR_1.bmp">
      <Filter>리소스 파일</Filter>
    </Image>
    <Image Include="..\..\Desktop\1\100006_skt_artiR_2.bmp">
      <Filter>리소스 파일</Filter>
    </Image>
    <Image Include="..\..\Desktop\1\100006_skt_artiR_3.bmp">
      <Filter>리소스 파일</Filter>
    </Image>
    <Image Include="..\..\Desktop\1\101000_knight_0.bmp">
      <Filter>리소스 파일</Filter>
    </Image>
    <Image Include="..\..\Desktop\1\101000_knight_1.bmp">
      <Filter>리소스 파일</Filter>
    </Image>
    <Image Include="..\..\Desktop\1\101000_knight_2.bmp">
      <Filter>리소스 파일</Filter>
    </Image>
    <Image Include="..\..\Desktop\1\101000_knight_3.bmp">
      <Filter>리소스 파일</Filter>
    </Image>
    <Image Include="..\..\Desktop\1\101000_knightR_0.bmp">
      <Filter>리소스 파일</Filter>
    </Image>
    <Image Include="..\..\Desktop\1\101000_knightR_1.bmp">
      <Filter>리소스 파일</Filter>
    </Image>
    <Image Include="..\..\Desktop\1\101000_knightR_2.bmp">
      <Filter>리소스 파일</Filter>
    </Image>
    <Image Include="..\..\Desktop\1\101000_knightR_3.bmp">
      <Filter>리소스 파일</Filter>
    </Image>
    <Image Include="..\..\Desktop\1\101001_sniper_0.bmp">
      <Filter>리소스 파일</Filter>
    </Image>
    <Image Include="..\..\Desktop\1\101001_sniper_1.bmp">
      <Filter>리소스 파일</Filter>
    </Image>
    <Image Include="..\..\Desktop\1\101001_sniper_2.bmp">
      <Filter>리소스 파일</Filter>
    </Image>
    <Image Include="..\..\Desktop\1\101001_sniper_3.bmp">
      <Filter>리소스 파일</Filter>
    </Image>
    <Image Include="..\..\Desktop\1\101001_sniperR_0.bmp">
      <Filter>리소스 파일</Filter>
    </Image>
    <Image Include="..\..\Desktop\1\101001_sniperR_1.bmp">
      <Filter>리소스 파일</Filter>
    </Image>
    <Image Include="..\..\Desktop\1\101001_sniperR_2.bmp">
      <Filter>리소스 파일</Filter>
    </Image>
    <Image Include="..\..\Desktop\1\101001_sniperR_3.bmp">
      <Filter>리소스 파일</Filter>
    </Image>
    <Image Include="..\..\Desktop\1\101002_strong_warrior_0.bmp">
      <Filter>리소스 파일</Filter>
    </Image>
    <Image Include="..\..\Desktop\1\101002_strong_warrior_1.bmp">
      <Filter>리소스 파일</Filter>
    </Image>
    <Image Include="..\..\Desktop\1\101002_strong_warrior_2.bmp">
      <Filter>리소스 파일</Filter>
    </Image>
    <Image Include="..\..\Desktop\1\101002_strong_warrior_3.bmp">
      <Filter>리소스 파일</Filter>
    </Image>
    <Image Include="..\..\Desktop\1\101002_strong_warriorR_0.bmp">
      <Filter>리소스 파일</Filter>
    </Image>
    <Image Include="..\..\Desktop\1\101002_strong_warriorR_1.bmp">
      <Filter>리소스 파일</Filter>
    </Image>
    <Image Include="..\..\Desktop\1\101002_strong_warriorR_2.bmp">
      <Filter>리소스 파일</Filter>
    </Image>
    <Image Include="..\..\Desktop\1\101002_strong_warriorR_3.bmp">
      <Filter>리소스 파일</Filter>
    </Image>
    <Image Include="..\..\Desktop\1\101003_fatal_arti_0.bmp">
      <Filter>리소스 파일</Filter>
    </Image>
    <Image Include="..\..\Desktop\1\101003_fatal_arti_1.bmp">
      <Filter>리소스 파일</Filter>
    </Image>
    <Image Include="..\..\Desktop\1\101003_fatal_arti_2.bmp">
      <Filter>리소스 파일</Filter>
    </Image>
    <Image Include="..\..\Desktop\1\101003_fatal_arti_3.bmp">
      <Filter>리소스 파일</Filter>
    </Image>
    <Image Include="..\..\Desktop\1\101003_fatal_artiR_0.bmp">
      <Filter>리소스 파일</Filter>
    </Image>
    <Image Include="..\..\Desktop\1\101003_fatal_artiR_1.bmp">
      <Filter>리소스 파일</Filter>
    </Image>
    <Image Include="..\..\Desktop\1\101003_fatal_artiR_2.bmp">
      <Filter>리소스 파일</Filter>
    </Image>
    <Image Include="..\..\Desktop\1\101003_fatal_artiR_3.bmp">
      <Filter>리소스 파일</Filter>
    </Image>
    <Image Include="..\..\Desktop\1\101004_spear_0.bmp">
      <Filter>리소스 파일</Filter>
    </Image>
    <Image Include="..\..\Desktop\1\101004_spear_1.bmp">
      <Filter>리소스 파일</Filter>
    </Image>
    <Image Include="..\..\Desktop\1\101004_spear_2.bmp">
      <Filter>리소스 파일</Filter>
    </Image>
    <Image Include="..\..\Desktop\1\101004_spear_3.bmp">
      <Filter>리소스 파일</Filter>
    </Image>
    <Image Include="..\..\Desktop\1\101004_spearR_0.bmp">
      <Filter>리소스 파일</Filter>
    </Image>
    <Image Include="..\..\Desktop\1\101004_spearR_1.bmp">
      <Filter>리소스 파일</Filter>
    </Image>
    <Image Include="..\..\Desktop\1\101004_spearR_2.bmp">
      <Filter>리소스 파일</Filter>
    </Image>
    <Image Include="..\..\Desktop\1\101004_spearR_3.bmp">
      <Filter>리소스 파일</Filter>
    </Image>
    <Image Include="..\..\Desktop\1\101005_skt_soldier_0.bmp">
      <Filter>리소스 파일</Filter>
    </Image>
    <Image Include="..\..\Desktop\1\101005_skt_soldier_1.bmp">
      <Filter>리소스 파일</Filter>
    </Image>
    <Image Include="..\..\Desktop\1\101005_skt_soldier_2.bmp">
      <Filter>리소스 파일</Filter>
    </Image>
    <Image Include="..\..\Desktop\1\101005_skt_soldier_3.bmp">
      <Filter>리소스 파일</Filter>
    </Image>
    <Image Include="..\..\Desktop\1\101005_skt_soldierR_0.bmp">
      <Filter>리소스 파일</Filter>
    </Image>
    <Image Include="..\..\Desktop\1\101005_skt_soldierR_1.bmp">
      <Filter>리소스 파일</Filter>
    </Image>
    <Image Include="..\..\Desktop\1\101005_skt_soldierR_2.bmp">
      <Filter>리소스 파일</Filter>
    </Image>
    <Image Include="..\..\Desktop\1\101005_skt_soldierR_3.bmp">
      <Filter>리소스 파일</Filter>
    </Image>
    <Image Include="..\..\Desktop\1\101006_bone_archer_0.bmp">
      <Filter>리소스 파일</Filter>
    </Image>
    <Image Include="..\..\Desktop\1\101006_bone_archer_1.bmp">
      <Filter>리소스 파일</Filter>
    </Image>
    <Image Include="..\..\Desktop\1\101006_bone_archer_2.bmp">
      <Filter>리소스 파일</Filter>
    </Image>
    <Image Include="..\..\Desktop\1\101006_bone_archer_3.bmp">
      <Filter>리소스 파일</Filter>
    </Image>
    <Image Include="..\..\Desktop\1\101006_bone_archerR_0.bmp">
      <Filter>리소스 파일</Filter>
    </Image>
    <Image Include="..\..\Desktop\1\101006_bone_archerR_1.bmp">
      <Filter>리소스 파일</Filter>
    </Image>
    <Image Include="..\..\Desktop\1\101006_bone_archerR_2.bmp">
      <Filter>리소스 파일</Filter>
    </Image>
    <Image Include="..\..\Desktop\1\101006_bone_archerR_3.bmp">
      <Filter>리소스 파일</Filter>
    </Image>
    <Image Include="..\..\Desktop\1\102000_sword_master_0.bmp">
      <Filter>리소스 파일</Filter>
    </Image>
    <Image Include="..\..\Desktop\1\102000_sword_master_1.bmp">
      <Filter>리소스 파일</Filter>
    </Image>
    <Image Include="..\..\Desktop\1\102000_sword_master_2.bmp">
      <Filter>리소스 파일</Filter>
    </Image>
    <Image Include="..\..\Desktop\1\102000_sword_master_3.bmp">
      <Filter>리소스 파일</Filter>
    </Image>
    <Image Include="..\..\Desktop\1\102000_sword_masterR_0.bmp">
      <Filter>리소스 파일</Filter>
    </Image>
    <Image Include="..\..\Desktop\1\102000_sword_masterR_1.bmp">
      <Filter>리소스 파일</Filter>
    </Image>
    <Image Include="..\..\Desktop\1\102000_sword_masterR_2.bmp">
      <Filter>리소스 파일</Filter>
    </Image>
    <Image Include="..\..\Desktop\1\102000_sword_masterR_3.bmp">
      <Filter>리소스 파일</Filter>
    </Image>
    <Image Include="..\..\Desktop\1\102001_witch_0.bmp">
      <Filter>리소스 파일</Filter>
    </Image>
    <Image Include="..\..\Desktop\1\102001_witch_1.bmp">
      <Filter>리소스 파일</Filter>
    </Image>
    <Image Include="..\..\Desktop\1\102001_witch_2.bmp">
      <Filter>리소스 파일</Filter>
    </Image>
    <Image Include="..\..\Desktop\1\102001_witch_3.bmp">
      <Filter>리소스 파일</Filter>
    </Image>
    <Image Include="..\..\Desktop\1\102001_witchR_0.bmp">
      <Filter>리소스 파일</Filter>
    </Image>
    <Image Include="..\..\Desktop\1\102001_witchR_1.bmp">
      <Filter>리소스 파일</Filter>
    </Image>
    <Image Include="..\..\Desktop\1\102001_witchR_2.bmp">
      <Filter>리소스 파일</Filter>
    </Image>
    <Image Include="..\..\Desktop\1\102001_witchR_3.bmp">
      <Filter>리소스 파일</Filter>
    </Image>
    <Image Include="..\..\Desktop\1\102002_bloody_warrior_0.bmp">
      <Filter>리소스 파일</Filter>
    </Image>
    <Image Include="..\..\Desktop\1\102002_bloody_warrior_1.bmp">
      <Filter>리소스 파일</Filter>
    </Image>
    <Image Include="..\..\Desktop\1\102002_bloody_warrior_2.bmp">
      <Filter>리소스 파일</Filter>
    </Image>
    <Image Include="..\..\Desktop\1\102002_bloody_warrior_3.bmp">
      <Filter>리소스 파일</Filter>
    </Image>
    <Image Include="..\..\Desktop\1\102002_bloody_warriorR_0.bmp">
      <Filter>리소스 파일</Filter>
    </Image>
    <Image Include="..\..\Desktop\1\102002_bloody_warriorR_1.bmp">
      <Filter>리소스 파일</Filter>
    </Image>
    <Image Include="..\..\Desktop\1\102002_bloody_warriorR_2.bmp">
      <Filter>리소스 파일</Filter>
    </Image>
    <Image Include="..\..\Desktop\1\102002_bloody_warriorR_3.bmp">
      <Filter>리소스 파일</Filter>
    </Image>
    <Image Include="..\..\Desktop\1\102003_wizard_0.bmp">
      <Filter>리소스 파일</Filter>
    </Image>
    <Image Include="..\..\Desktop\1\102003_wizard_1.bmp">
      <Filter>리소스 파일</Filter>
    </Image>
    <Image Include="..\..\Desktop\1\102003_wizard_2.bmp">
      <Filter>리소스 파일</Filter>
    </Image>
    <Image Include="..\..\Desktop\1\102003_wizard_3.bmp">
      <Filter>리소스 파일</Filter>
    </Image>
    <Image Include="..\..\Desktop\1\102003_wizardR_0.bmp">
      <Filter>리소스 파일</Filter>
    </Image>
    <Image Include="..\..\Desktop\1\102003_wizardR_1.bmp">
      <Filter>리소스 파일</Filter>
    </Image>
    <Image Include="..\..\Desktop\1\102003_wizardR_2.bmp">
      <Filter>리소스 파일</Filter>
    </Image>
    <Image Include="..\..\Desktop\1\102003_wizardR_3.bmp">
      <Filter>리소스 파일</Filter>
    </Image>
    <Image Include="..\..\Desktop\1\102004_oak_witch_0.bmp">
      <Filter>리소스 파일</Filter>
    </Image>
    <Image Include="..\..\Desktop\1\102004_oak_witch_1.bmp">
      <Filter>리소스 파일</Filter>
    </Image>
    <Image Include="..\..\Desktop\1\102004_oak_witch_2.bmp">
      <Filter>리소스 파일</Filter>
    </Image>
    <Image Include="..\..\Desktop\1\102004_oak_witch_3.bmp">
      <Filter>리소스 파일</Filter>
    </Image>
    <Image Include="..\..\Desktop\1\102004_oak_witchR_0.bmp">
      <Filter>리소스 파일</Filter>
    </Image>
    <Image Include="..\..\Desktop\1\102004_oak_witchR_1.bmp">
      <Filter>리소스 파일</Filter>
    </Image>
    <Image Include="..\..\Desktop\1\102004_oak_witchR_2.bmp">
      <Filter>리소스 파일</Filter>
    </Image>
    <Image Include="..\..\Desktop\1\102004_oak_witchR_3.bmp">
      <Filter>리소스 파일</Filter>
    </Image>
    <Image Include="..\..\Desktop\1\102005_oak_soldier_0.bmp">
      <Filter>리소스 파일</Filter>
    </Image>
    <Image Include="..\..\Desktop\1\102005_oak_soldier_1.bmp">
      <Filter>리소스 파일</Filter>
    </Image>
    <Image Include="..\..\Desktop\1\102005_oak_soldier_2.bmp">
      <Filter>리소스 파일</Filter>
    </Image>
    <Image Include="..\..\Desktop\1\102005_oak_soldier_3.bmp">
      <Filter>리소스 파일</Filter>
    </Image>
    <Image Include="..\..\Desktop\1\102005_oak_soldierR_0.bmp">
      <Filter>리소스 파일</Filter>
    </Image>
    <Image Include="..\..\Desktop\1\102005_oak_soldierR_1.bmp">
      <Filter>리소스 파일</Filter>
    </Image>
    <Image Include="..\..\Desktop\1\102005_oak_soldierR_2.bmp">
      <Filter>리소스 파일</Filter>
    </Image>
    <Image Include="..\..\Desktop\1\102005_oak_soldierR_3.bmp">
      <Filter>리소스 파일</Filter>
    </Image>
    <Image Include="..\..\Desktop\1\102006_skt_wizard_0.bmp">
      <Filter>리소스 파일</Filter>
    </Image>
    <Image Include="..\..\Desktop\1\102006_skt_wizard_1.bmp">
      <Filter>리소스 파일</Filter>
    </Image>
    <Image Include="..\..\Desktop\1\102006_skt_wizard_2.bmp">
      <Filter>리소스 파일</Filter>
    </Image>
    <Image Include="..\..\Desktop\1\102006_skt_wizard_3.bmp">
      <Filter>리소스 파일</Filter>
    </Image>
    <Image Include="..\..\Desktop\1\102006_skt_wizardR_0.bmp">
      <Filter>리소스 파일</Filter>
    </Image>
    <Image Include="..\..\Desktop\1\102006_skt_wizardR_1.bmp">
      <Filter>리소스 파일</Filter>
    </Image>
    <Image Include="..\..\Desktop\1\102006_skt_wizardR_2.bmp">
      <Filter>리소스 파일</Filter>
    </Image>
    <Image Include="..\..\Desktop\1\102006_skt_wizardR_3.bmp">
      <Filter>리소스 파일</Filter>
    </Image>
    <Image Include="..\..\Desktop\1\103000_captain_0.bmp">
      <Filter>리소스 파일</Filter>
    </Image>
    <Image Include="..\..\Desktop\1\103000_captain_1.bmp">
      <Filter>리소스 파일</Filter>
    </Image>
    <Image Include="..\..\Desktop\1\103000_captain_2.bmp">
      <Filter>리소스 파일</Filter>
    </Image>
    <Image Include="..\..\Desktop\1\103000_captain_3.bmp">
      <Filter>리소스 파일</Filter>
    </Image>
    <Image Include="..\..\Desktop\1\103000_captainR_0.bmp">
      <Filter>리소스 파일</Filter>
    </Image>
    <Image Include="..\..\Desktop\1\103000_captainR_1.bmp">
      <Filter>리소스 파일</Filter>
    </Image>
    <Image Include="..\..\Desktop\1\103000_captainR_2.bmp">
      <Filter>리소스 파일</Filter>
    </Image>
    <Image Include="..\..\Desktop\1\103000_captainR_3.bmp">
      <Filter>리소스 파일</Filter>
    </Image>
    <Image Include="..\..\Desktop\1\103001_reaper_0.bmp">
      <Filter>리소스 파일</Filter>
    </Image>
    <Image Include="..\..\Desktop\1\103001_reaper_1.bmp">
      <Filter>리소스 파일</Filter>
    </Image>
    <Image Include="..\..\Desktop\1\103001_reaper_2.bmp">
      <Filter>리소스 파일</Filter>
    </Image>
    <Image Include="..\..\Desktop\1\103001_reaper_3.bmp">
      <Filter>리소스 파일</Filter>
    </Image>
    <Image Include="..\..\Desktop\1\103001_reaperR_0.bmp">
      <Filter>리소스 파일</Filter>
    </Image>
    <Image Include="..\..\Desktop\1\103001_reaperR_1.bmp">
      <Filter>리소스 파일</Filter>
    </Image>
    <Image Include="..\..\Desktop\1\103001_reaperR_2.bmp">
      <Filter>리소스 파일</Filter>
    </Image>
    <Image Include="..\..\Desktop\1\103001_reaperR_3.bmp">
      <Filter>리소스 파일</Filter>
    </Image>
    <Image Include="..\..\Desktop\1\103002_commander_0.bmp">
      <Filter>리소스 파일</Filter>
    </Image>
    <Image Include="..\..\Desktop\1\103002_commander_1.bmp">
      <Filter>리소스 파일</Filter>
    </Image>
    <Image Include="..\..\Desktop\1\103002_commander_2.bmp">
      <Filter>리소스 파일</Filter>
    </Image>
    <Image Include="..\..\Desktop\1\103002_commander_3.bmp">
      <Filter>리소스 파일</Filter>
    </Image>
    <Image Include="..\..\Desktop\1\103002_commanderR_0.bmp">
      <Filter>리소스 파일</Filter>
    </Image>
    <Image Include="..\..\Desktop\1\103002_commanderR_1.bmp">
      <Filter>리소스 파일</Filter>
    </Image>
    <Image Include="..\..\Desktop\1\103002_commanderR_2.bmp">
      <Filter>리소스 파일</Filter>
    </Image>
    <Image Include="..\..\Desktop\1\103002_commanderR_3.bmp">
      <Filter>리소스 파일</Filter>
    </Image>
    <Image Include="..\..\Desktop\1\103003_dragon_0.bmp">
      <Filter>리소스 파일</Filter>
    </Image>
    <Image Include="..\..\Desktop\1\103003_dragon_1.bmp">
      <Filter>리소스 파일</Filter>
    </Image>
    <Image Include="..\..\Desktop\1\103003_dragon_2.bmp">
      <Filter>리소스 파일</Filter>
    </Image>
    <Image Include="..\..\Desktop\1\103003_dragon_3.bmp">
      <Filter>리소스 파일</Filter>
    </Image>
    <Image Include="..\..\Desktop\1\103003_dragonR_0.bmp">
      <Filter>리소스 파일</Filter>
    </Image>
    <Image Include="..\..\Desktop\1\103003_dragonR_1.bmp">
      <Filter>리소스 파일</Filter>
    </Image>
    <Image Include="..\..\Desktop\1\103003_dragonR_2.bmp">
      <Filter>리소스 파일</Filter>
    </Image>
    <Image Include="..\..\Desktop\1\103003_dragonR_3.bmp">
      <Filter>리소스 파일</Filter>
    </Image>
    <Image Include="..\..\Desktop\1\103004_gollum_0.bmp">
      <Filter>리소스 파일</Filter>
    </Image>
    <Image Include="..\..\Desktop\1\103004_gollum_1.bmp">
      <Filter>리소스 파일</Filter>
    </Image>
    <Image Include="..\..\Desktop\1\103004_gollum_2.bmp">
      <Filter>리소스 파일</Filter>
    </Image>
    <Image Include="..\..\Desktop\1\103004_gollum_3.bmp">
      <Filter>리소스 파일</Filter>
    </Image>
    <Image Include="..\..\Desktop\1\103004_gollumR_0.bmp">
      <Filter>리소스 파일</Filter>
    </Image>
    <Image Include="..\..\Desktop\1\103004_gollumR_1.bmp">
      <Filter>리소스 파일</Filter>
    </Image>
    <Image Include="..\..\Desktop\1\103004_gollumR_2.bmp">
      <Filter>리소스 파일</Filter>
    </Image>
    <Image Include="..\..\Desktop\1\103004_gollumR_3.bmp">
      <Filter>리소스 파일</Filter>
    </Image>
    <Image Include="..\..\soldierCard.png">
      <Filter>리소스 파일</Filter>
    </Image>
    <Image Include="..\..\soldierCard.bmp">
      <Filter>리소스 파일</Filter>
    </Image>
    <Image Include="..\..\desktop\1\bitmap21.bmp">
      <Filter>리소스 파일</Filter>
    </Image>
    <Image Include="..\..\archerCard.bmp">
      <Filter>리소스 파일</Filter>
    </Image>
    <Image Include="..\..\desktop\1\bitmap20.bmp">
      <Filter>리소스 파일</Filter>
    </Image>
    <Image Include="..\..\윈프듣지마세요\thumb_100000.bmp">
      <Filter>리소스 파일</Filter>
    </Image>
    <Image Include="..\..\윈프듣지마세요\thumb_100001.bmp">
      <Filter>리소스 파일</Filter>
    </Image>
    <Image Include="..\..\윈프듣지마세요\thumb_100002.bmp">
      <Filter>리소스 파일</Filter>
    </Image>
    <Image Include="..\..\윈프듣지마세요\thumb_100003.bmp">
      <Filter>리소스 파일</Filter>
    </Image>
    <Image Include="..\..\윈프듣지마세요\thumb_100004.bmp">
      <Filter>리소스 파일</Filter>
    </Image>
    <Image Include="..\..\윈프듣지마세요\thumb_100005.bmp">
      <Filter>리소스 파일</Filter>
    </Image>
    <Image Include="..\..\윈프듣지마세요\thumb_100006.bmp">
      <Filter>리소스 파일</Filter>
    </Image>
    <Image Include="..\..\윈프듣지마세요\thumb_101000.bmp">
      <Filter>리소스 파일</Filter>
    </Image>
    <Image Include="..\..\윈프듣지마세요\thumb_101001.bmp">
      <Filter>리소스 파일</Filter>
    </Image>
    <Image Include="..\..\윈프듣지마세요\thumb_101002.bmp">
      <Filter>리소스 파일</Filter>
    </Image>
    <Image Include="..\..\윈프듣지마세요\thumb_101003.bmp">
      <Filter>리소스 파일</Filter>
    </Image>
    <Image Include="..\..\윈프듣지마세요\thumb_101004.bmp">
      <Filter>리소스 파일</Filter>
    </Image>
    <Image Include="..\..\윈프듣지마세요\thumb_101005.bmp">
      <Filter>리소스 파일</Filter>
    </Image>
    <Image Include="..\..\윈프듣지마세요\thumb_101006.bmp">
      <Filter>리소스 파일</Filter>
    </Image>
    <Image Include="..\..\윈프듣지마세요\thumb_102000.bmp">
      <Filter>리소스 파일</Filter>
    </Image>
    <Image Include="..\..\윈프듣지마세요\thumb_102001.bmp">
      <Filter>리소스 파일</Filter>
    </Image>
    <Image Include="..\..\윈프듣지마세요\thumb_102002.bmp">
      <Filter>리소스 파일</Filter>
    </Image>
    <Image Include="..\..\윈프듣지마세요\thumb_102003.bmp">
      <Filter>리소스 파일</Filter>
    </Image>
    <Image Include="..\..\윈프듣지마세요\thumb_102004.bmp">
      <Filter>리소스 파일</Filter>
    </Image>
    <Image Include="..\..\윈프듣지마세요\thumb_102005.bmp">
      <Filter>리소스 파일</Filter>
    </Image>
    <Image Include="..\..\윈프듣지마세요\thumb_102006.bmp">
      <Filter>리소스 파일</Filter>
    </Image>
    <Image Include="..\..\윈프듣지마세요\thumb_103000.bmp">
      <Filter>리소스 파일</Filter>
    </Image>
    <Image Include="..\..\윈프듣지마세요\thumb_103001.bmp">
      <Filter>리소스 파일</Filter>
    </Image>
    <Image Include="..\..\윈프듣지마세요\thumb_103002.bmp">
      <Filter>리소스 파일</Filter>
    </Image>
    <Image Include="..\..\윈프듣지마세요\thumb_103003.bmp">
      <Filter>리소스 파일</Filter>
    </Image>
    <Image Include="..\..\윈프듣지마세요\thumb_103004.bmp">
      <Filter>리소스 파일</Filter>
    </Image>
    <Image Include="..\..\desktop\1\bitmap23.bmp">
      <Filter>리소스 파일</Filter>
    </Image>
    <Image Include="..\..\res\bg_map1_0.bmp">
      <Filter>리소스 파일</Filter>
    </Image>
    <Image Include="..\..\res\bg_map1_1.bmp">
      <Filter>리소스 파일</Filter>
    </Image>
    <Image Include="..\..\res\castle.bmp">
      <Filter>리소스 파일</Filter>
    </Image>
    <Image Include="..\..\res\mana_icon.bmp">
      <Filter>리소스 파일</Filter>
    </Image>
    <Image Include="..\..\res\pop_icon.bmp">
      <Filter>리소스 파일</Filter>
    </Image>
    <Image Include="..\..\res\slot.bmp">
      <Filter>리소스 파일</Filter>
    </Image>
    <Image Include="..\..\qm.bmp">
      <Filter>리소스 파일</Filter>
    </Image>
    <Image Include="res\100000_soldier_0.bmp">
      <Filter>리소스 파일</Filter>
    </Image>
    <Image Include="res\100000_soldier_1.bmp">
      <Filter>리소스 파일</Filter>
    </Image>
    <Image Include="res\100000_soldier_2.bmp">
      <Filter>리소스 파일</Filter>
    </Image>
    <Image Include="res\100000_soldier_3.bmp">
      <Filter>리소스 파일</Filter>
    </Image>
    <Image Include="res\100000_soldierR_0.bmp">
      <Filter>리소스 파일</Filter>
    </Image>
    <Image Include="res\100000_soldierR_1.bmp">
      <Filter>리소스 파일</Filter>
    </Image>
    <Image Include="res\100000_soldierR_2.bmp">
      <Filter>리소스 파일</Filter>
    </Image>
    <Image Include="res\100000_soldierR_3.bmp">
      <Filter>리소스 파일</Filter>
    </Image>
    <Image Include="res\100001_archer_0.bmp">
      <Filter>리소스 파일</Filter>
    </Image>
    <Image Include="res\100001_archer_1.bmp">
      <Filter>리소스 파일</Filter>
    </Image>
    <Image Include="res\100001_archer_2.bmp">
      <Filter>리소스 파일</Filter>
    </Image>
    <Image Include="res\100001_archer_3.bmp">
      <Filter>리소스 파일</Filter>
    </Image>
    <Image Include="res\100001_archerR_0.bmp">
      <Filter>리소스 파일</Filter>
    </Image>
    <Image Include="res\100001_archerR_1.bmp">
      <Filter>리소스 파일</Filter>
    </Image>
    <Image Include="res\100001_archerR_2.bmp">
      <Filter>리소스 파일</Filter>
    </Image>
    <Image Include="res\100001_archerR_3.bmp">
      <Filter>리소스 파일</Filter>
    </Image>
    <Image Include="res\100002_warrior_0.bmp">
      <Filter>리소스 파일</Filter>
    </Image>
    <Image Include="res\100002_warrior_1.bmp">
      <Filter>리소스 파일</Filter>
    </Image>
    <Image Include="res\100002_warrior_2.bmp">
      <Filter>리소스 파일</Filter>
    </Image>
    <Image Include="res\100002_warrior_3.bmp">
      <Filter>리소스 파일</Filter>
    </Image>
    <Image Include="res\100002_warriorR_0.bmp">
      <Filter>리소스 파일</Filter>
    </Image>
    <Image Include="res\100002_warriorR_1.bmp">
      <Filter>리소스 파일</Filter>
    </Image>
    <Image Include="res\100002_warriorR_2.bmp">
      <Filter>리소스 파일</Filter>
    </Image>
    <Image Include="res\100002_warriorR_3.bmp">
      <Filter>리소스 파일</Filter>
    </Image>
    <Image Include="res\100003_arti_0.bmp">
      <Filter>리소스 파일</Filter>
    </Image>
    <Image Include="res\100003_arti_1.bmp">
      <Filter>리소스 파일</Filter>
    </Image>
    <Image Include="res\100003_arti_2.bmp">
      <Filter>리소스 파일</Filter>
    </Image>
    <Image Include="res\100003_arti_3.bmp">
      <Filter>리소스 파일</Filter>
    </Image>
    <Image Include="res\100003_artiR_0.bmp">
      <Filter>리소스 파일</Filter>
    </Image>
    <Image Include="res\100003_artiR_1.bmp">
      <Filter>리소스 파일</Filter>
    </Image>
    <Image Include="res\100003_artiR_2.bmp">
      <Filter>리소스 파일</Filter>
    </Image>
    <Image Include="res\100003_artiR_3.bmp">
      <Filter>리소스 파일</Filter>
    </Image>
    <Image Include="res\100004_skt_archer_0.bmp">
      <Filter>리소스 파일</Filter>
    </Image>
    <Image Include="res\100004_skt_archer_1.bmp">
      <Filter>리소스 파일</Filter>
    </Image>
    <Image Include="res\100004_skt_archer_2.bmp">
      <Filter>리소스 파일</Filter>
    </Image>
    <Image Include="res\100004_skt_archer_3.bmp">
      <Filter>리소스 파일</Filter>
    </Image>
    <Image Include="res\100004_skt_archerR_0.bmp">
      <Filter>리소스 파일</Filter>
    </Image>
    <Image Include="res\100004_skt_archerR_1.bmp">
      <Filter>리소스 파일</Filter>
    </Image>
    <Image Include="res\100004_skt_archerR_2.bmp">
      <Filter>리소스 파일</Filter>
    </Image>
    <Image Include="res\100004_skt_archerR_3.bmp">
      <Filter>리소스 파일</Filter>
    </Image>
    <Image Include="res\100005_greeny_0.bmp">
      <Filter>리소스 파일</Filter>
    </Image>
    <Image Include="res\100005_greeny_1.bmp">
      <Filter>리소스 파일</Filter>
    </Image>
    <Image Include="res\100005_greeny_2.bmp">
      <Filter>리소스 파일</Filter>
    </Image>
    <Image Include="res\100005_greeny_3.bmp">
      <Filter>리소스 파일</Filter>
    </Image>
    <Image Include="res\100005_greenyR_0.bmp">
      <Filter>리소스 파일</Filter>
    </Image>
    <Image Include="res\100005_greenyR_1.bmp">
      <Filter>리소스 파일</Filter>
    </Image>
    <Image Include="res\100005_greenyR_2.bmp">
      <Filter>리소스 파일</Filter>
    </Image>
    <Image Include="res\100005_greenyR_3.bmp">
      <Filter>리소스 파일</Filter>
    </Image>
    <Image Include="res\100006_skt_arti_0.bmp">
      <Filter>리소스 파일</Filter>
    </Image>
    <Image Include="res\100006_skt_arti_1.bmp">
      <Filter>리소스 파일</Filter>
    </Image>
    <Image Include="res\100006_skt_arti_2.bmp">
      <Filter>리소스 파일</Filter>
    </Image>
    <Image Include="res\100006_skt_arti_3.bmp">
      <Filter>리소스 파일</Filter>
    </Image>
    <Image Include="res\100006_skt_artiR_0.bmp">
      <Filter>리소스 파일</Filter>
    </Image>
    <Image Include="res\100006_skt_artiR_1.bmp">
      <Filter>리소스 파일</Filter>
    </Image>
    <Image Include="res\100006_skt_artiR_2.bmp">
      <Filter>리소스 파일</Filter>
    </Image>
    <Image Include="res\100006_skt_artiR_3.bmp">
      <Filter>리소스 파일</Filter>
    </Image>
    <Image Include="res\101000_knight_0.bmp">
      <Filter>리소스 파일</Filter>
    </Image>
    <Image Include="res\101000_knight_1.bmp">
      <Filter>리소스 파일</Filter>
    </Image>
    <Image Include="res\101000_knight_2.bmp">
      <Filter>리소스 파일</Filter>
    </Image>
    <Image Include="res\101000_knight_3.bmp">
      <Filter>리소스 파일</Filter>
    </Image>
    <Image Include="res\101000_knightR_0.bmp">
      <Filter>리소스 파일</Filter>
    </Image>
    <Image Include="res\101000_knightR_1.bmp">
      <Filter>리소스 파일</Filter>
    </Image>
    <Image Include="res\101000_knightR_2.bmp">
      <Filter>리소스 파일</Filter>
    </Image>
    <Image Include="res\101000_knightR_3.bmp">
      <Filter>리소스 파일</Filter>
    </Image>
    <Image Include="res\101001_sniper_0.bmp">
      <Filter>리소스 파일</Filter>
    </Image>
    <Image Include="res\101001_sniper_1.bmp">
      <Filter>리소스 파일</Filter>
    </Image>
    <Image Include="res\101001_sniper_2.bmp">
      <Filter>리소스 파일</Filter>
    </Image>
    <Image Include="res\101001_sniper_3.bmp">
      <Filter>리소스 파일</Filter>
    </Image>
    <Image Include="res\101001_sniperR_0.bmp">
      <Filter>리소스 파일</Filter>
    </Image>
    <Image Include="res\101001_sniperR_1.bmp">
      <Filter>리소스 파일</Filter>
    </Image>
    <Image Include="res\101001_sniperR_2.bmp">
      <Filter>리소스 파일</Filter>
    </Image>
    <Image Include="res\101001_sniperR_3.bmp">
      <Filter>리소스 파일</Filter>
    </Image>
    <Image Include="res\101002_strong_warrior_0.bmp">
      <Filter>리소스 파일</Filter>
    </Image>
    <Image Include="res\101002_strong_warrior_1.bmp">
      <Filter>리소스 파일</Filter>
    </Image>
    <Image Include="res\101002_strong_warrior_2.bmp">
      <Filter>리소스 파일</Filter>
    </Image>
    <Image Include="res\101002_strong_warrior_3.bmp">
      <Filter>리소스 파일</Filter>
    </Image>
    <Image Include="res\101002_strong_warriorR_0.bmp">
      <Filter>리소스 파일</Filter>
    </Image>
    <Image Include="res\101002_strong_warriorR_1.bmp">
      <Filter>리소스 파일</Filter>
    </Image>
    <Image Include="res\101002_strong_warriorR_2.bmp">
      <Filter>리소스 파일</Filter>
    </Image>
    <Image Include="res\101002_strong_warriorR_3.bmp">
      <Filter>리소스 파일</Filter>
    </Image>
    <Image Include="res\101003_fatal_arti_0.bmp">
      <Filter>리소스 파일</Filter>
    </Image>
    <Image Include="res\101003_fatal_arti_1.bmp">
      <Filter>리소스 파일</Filter>
    </Image>
    <Image Include="res\101003_fatal_arti_2.bmp">
      <Filter>리소스 파일</Filter>
    </Image>
    <Image Include="res\101003_fatal_arti_3.bmp">
      <Filter>리소스 파일</Filter>
    </Image>
    <Image Include="res\101003_fatal_artiR_0.bmp">
      <Filter>리소스 파일</Filter>
    </Image>
    <Image Include="res\101003_fatal_artiR_1.bmp">
      <Filter>리소스 파일</Filter>
    </Image>
    <Image Include="res\101003_fatal_artiR_2.bmp">
      <Filter>리소스 파일</Filter>
    </Image>
    <Image Include="res\101003_fatal_artiR_3.bmp">
      <Filter>리소스 파일</Filter>
    </Image>
    <Image Include="res\101004_spear_0.bmp">
      <Filter>리소스 파일</Filter>
    </Image>
    <Image Include="res\101004_spear_1.bmp">
      <Filter>리소스 파일</Filter>
    </Image>
    <Image Include="res\101004_spear_2.bmp">
      <Filter>리소스 파일</Filter>
    </Image>
    <Image Include="res\101004_spear_3.bmp">
      <Filter>리소스 파일</Filter>
    </Image>
    <Image Include="res\101004_spearR_0.bmp">
      <Filter>리소스 파일</Filter>
    </Image>
    <Image Include="res\101004_spearR_1.bmp">
      <Filter>리소스 파일</Filter>
    </Image>
    <Image Include="res\101004_spearR_2.bmp">
      <Filter>리소스 파일</Filter>
    </Image>
    <Image Include="res\101004_spearR_3.bmp">
      <Filter>리소스 파일</Filter>
    </Image>
    <Image Include="res\101005_skt_soldier_0.bmp">
      <Filter>리소스 파일</Filter>
    </Image>
    <Image Include="res\101005_skt_soldier_1.bmp">
      <Filter>리소스 파일</Filter>
    </Image>
    <Image Include="res\101005_skt_soldier_2.bmp">
      <Filter>리소스 파일</Filter>
    </Image>
    <Image Include="res\101005_skt_soldier_3.bmp">
      <Filter>리소스 파일</Filter>
    </Image>
    <Image Include="res\101005_skt_soldierR_0.bmp">
      <Filter>리소스 파일</Filter>
    </Image>
    <Image Include="res\101005_skt_soldierR_1.bmp">
      <Filter>리소스 파일</Filter>
    </Image>
    <Image Include="res\101005_skt_soldierR_2.bmp">
      <Filter>리소스 파일</Filter>
    </Image>
    <Image Include="res\101005_skt_soldierR_3.bmp">
      <Filter>리소스 파일</Filter>
    </Image>
    <Image Include="res\101006_bone_archer_0.bmp">
      <Filter>리소스 파일</Filter>
    </Image>
    <Image Include="res\101006_bone_archer_1.bmp">
      <Filter>리소스 파일</Filter>
    </Image>
    <Image Include="res\101006_bone_archer_2.bmp">
      <Filter>리소스 파일</Filter>
    </Image>
    <Image Include="res\101006_bone_archer_3.bmp">
      <Filter>리소스 파일</Filter>
    </Image>
    <Image Include="res\101006_bone_archerR_0.bmp">
      <Filter>리소스 파일</Filter>
    </Image>
    <Image Include="res\101006_bone_archerR_1.bmp">
      <Filter>리소스 파일</Filter>
    </Image>
    <Image Include="res\101006_bone_archerR_2.bmp">
      <Filter>리소스 파일</Filter>
    </Image>
    <Image Include="res\101006_bone_archerR_3.bmp">
      <Filter>리소스 파일</Filter>
    </Image>
    <Image Include="res\102000_sword_master_0.bmp">
      <Filter>리소스 파일</Filter>
    </Image>
    <Image Include="res\102000_sword_master_1.bmp">
      <Filter>리소스 파일</Filter>
    </Image>
    <Image Include="res\102000_sword_master_2.bmp">
      <Filter>리소스 파일</Filter>
    </Image>
    <Image Include="res\102000_sword_master_3.bmp">
      <Filter>리소스 파일</Filter>
    </Image>
    <Image Include="res\102000_sword_masterR_0.bmp">
      <Filter>리소스 파일</Filter>
    </Image>
    <Image Include="res\102000_sword_masterR_1.bmp">
      <Filter>리소스 파일</Filter>
    </Image>
    <Image Include="res\102000_sword_masterR_2.bmp">
      <Filter>리소스 파일</Filter>
    </Image>
    <Image Include="res\102000_sword_masterR_3.bmp">
      <Filter>리소스 파일</Filter>
    </Image>
    <Image Include="res\102001_witch_0.bmp">
      <Filter>리소스 파일</Filter>
    </Image>
    <Image Include="res\102001_witch_1.bmp">
      <Filter>리소스 파일</Filter>
    </Image>
    <Image Include="res\102001_witch_2.bmp">
      <Filter>리소스 파일</Filter>
    </Image>
    <Image Include="res\102001_witch_3.bmp">
      <Filter>리소스 파일</Filter>
    </Image>
    <Image Include="res\102001_witchR_0.bmp">
      <Filter>리소스 파일</Filter>
    </Image>
    <Image Include="res\102001_witchR_1.bmp">
      <Filter>리소스 파일</Filter>
    </Image>
    <Image Include="res\102001_witchR_2.bmp">
      <Filter>리소스 파일</Filter>
    </Image>
    <Image Include="res\102001_witchR_3.bmp">
      <Filter>리소스 파일</Filter>
    </Image>
    <Image Include="res\102002_bloody_warrior_0.bmp">
      <Filter>리소스 파일</Filter>
    </Image>
    <Image Include="res\102002_bloody_warrior_1.bmp">
      <Filter>리소스 파일</Filter>
    </Image>
    <Image Include="res\102002_bloody_warrior_2.bmp">
      <Filter>리소스 파일</Filter>
    </Image>
    <Image Include="res\102002_bloody_warrior_3.bmp">
      <Filter>리소스 파일</Filter>
    </Image>
    <Image Include="res\102002_bloody_warriorR_0.bmp">
      <Filter>리소스 파일</Filter>
    </Image>
    <Image Include="res\102002_bloody_warriorR_1.bmp">
      <Filter>리소스 파일</Filter>
    </Image>
    <Image Include="res\102002_bloody_warriorR_2.bmp">
      <Filter>리소스 파일</Filter>
    </Image>
    <Image Include="res\102002_bloody_warriorR_3.bmp">
      <Filter>리소스 파일</Filter>
    </Image>
    <Image Include="res\102003_wizard_0.bmp">
      <Filter>리소스 파일</Filter>
    </Image>
    <Image Include="res\102003_wizard_1.bmp">
      <Filter>리소스 파일</Filter>
    </Image>
    <Image Include="res\102003_wizard_2.bmp">
      <Filter>리소스 파일</Filter>
    </Image>
    <Image Include="res\102003_wizard_3.bmp">
      <Filter>리소스 파일</Filter>
    </Image>
    <Image Include="res\102003_wizardR_0.bmp">
      <Filter>리소스 파일</Filter>
    </Image>
    <Image Include="res\102003_wizardR_1.bmp">
      <Filter>리소스 파일</Filter>
    </Image>
    <Image Include="res\102003_wizardR_2.bmp">
      <Filter>리소스 파일</Filter>
    </Image>
    <Image Include="res\102003_wizardR_3.bmp">
      <Filter>리소스 파일</Filter>
    </Image>
    <Image Include="res\102004_oak_witch_0.bmp">
      <Filter>리소스 파일</Filter>
    </Image>
    <Image Include="res\102004_oak_witch_1.bmp">
      <Filter>리소스 파일</Filter>
    </Image>
    <Image Include="res\102004_oak_witch_2.bmp">
      <Filter>리소스 파일</Filter>
    </Image>
    <Image Include="res\102004_oak_witch_3.bmp">
      <Filter>리소스 파일</Filter>
    </Image>
    <Image Include="res\102004_oak_witchR_0.bmp">
      <Filter>리소스 파일</Filter>
    </Image>
    <Image Include="res\102004_oak_witchR_1.bmp">
      <Filter>리소스 파일</Filter>
    </Image>
    <Image Include="res\102004_oak_witchR_2.bmp">
      <Filter>리소스 파일</Filter>
    </Image>
    <Image Include="res\102004_oak_witchR_3.bmp">
      <Filter>리소스 파일</Filter>
    </Image>
    <Image Include="res\102005_oak_soldier_0.bmp">
      <Filter>리소스 파일</Filter>
    </Image>
    <Image Include="res\102005_oak_soldier_1.bmp">
      <Filter>리소스 파일</Filter>
    </Image>
    <Image Include="res\102005_oak_soldier_2.bmp">
      <Filter>리소스 파일</Filter>
    </Image>
    <Image Include="res\102005_oak_soldier_3.bmp">
      <Filter>리소스 파일</Filter>
    </Image>
    <Image Include="res\102005_oak_soldierR_0.bmp">
      <Filter>리소스 파일</Filter>
    </Image>
    <Image Include="res\102005_oak_soldierR_1.bmp">
      <Filter>리소스 파일</Filter>
    </Image>
    <Image Include="res\102005_oak_soldierR_2.bmp">
      <Filter>리소스 파일</Filter>
    </Image>
    <Image Include="res\102005_oak_soldierR_3.bmp">
      <Filter>리소스 파일</Filter>
    </Image>
    <Image Include="res\102006_skt_wizard_0.bmp">
      <Filter>리소스 파일</Filter>
    </Image>
    <Image Include="res\102006_skt_wizard_1.bmp">
      <Filter>리소스 파일</Filter>
    </Image>
    <Image Include="res\102006_skt_wizard_2.bmp">
      <Filter>리소스 파일</Filter>
    </Image>
    <Image Include="res\102006_skt_wizard_3.bmp">
      <Filter>리소스 파일</Filter>
    </Image>
    <Image Include="res\102006_skt_wizardR_0.bmp">
      <Filter>리소스 파일</Filter>
    </Image>
    <Image Include="res\102006_skt_wizardR_1.bmp">
      <Filter>리소스 파일</Filter>
    </Image>
    <Image Include="res\102006_skt_wizardR_2.bmp">
      <Filter>리소스 파일</Filter>
    </Image>
    <Image Include="res\102006_skt_wizardR_3.bmp">
      <Filter>리소스 파일</Filter>
    </Image>
    <Image Include="res\103000_captain_0.bmp">
      <Filter>리소스 파일</Filter>
    </Image>
    <Image Include="res\103000_captain_1.bmp">
      <Filter>리소스 파일</Filter>
    </Image>
    <Image Include="res\103000_captain_2.bmp">
      <Filter>리소스 파일</Filter>
    </Image>
    <Image Include="res\103000_captain_3.bmp">
      <Filter>리소스 파일</Filter>
    </Image>
    <Image Include="res\103000_captainR_0.bmp">
      <Filter>리소스 파일</Filter>
    </Image>
    <Image Include="res\103000_captainR_1.bmp">
      <Filter>리소스 파일</Filter>
    </Image>
    <Image Include="res\103000_captainR_2.bmp">
      <Filter>리소스 파일</Filter>
    </Image>
    <Image Include="res\103000_captainR_3.bmp">
      <Filter>리소스 파일</Filter>
    </Image>
    <Image Include="res\103001_reaper_0.bmp">
      <Filter>리소스 파일</Filter>
    </Image>
    <Image Include="res\103001_reaper_1.bmp">
      <Filter>리소스 파일</Filter>
    </Image>
    <Image Include="res\103001_reaper_2.bmp">
      <Filter>리소스 파일</Filter>
    </Image>
    <Image Include="res\103001_reaper_3.bmp">
      <Filter>리소스 파일</Filter>
    </Image>
    <Image Include="res\103001_reaperR_0.bmp">
      <Filter>리소스 파일</Filter>
    </Image>
    <Image Include="res\103001_reaperR_1.bmp">
      <Filter>리소스 파일</Filter>
    </Image>
    <Image Include="res\103001_reaperR_2.bmp">
      <Filter>리소스 파일</Filter>
    </Image>
    <Image Include="res\103001_reaperR_3.bmp">
      <Filter>리소스 파일</Filter>
    </Image>
    <Image Include="res\103002_commander_0.bmp">
      <Filter>리소스 파일</Filter>
    </Image>
    <Image Include="res\103002_commander_1.bmp">
      <Filter>리소스 파일</Filter>
    </Image>
    <Image Include="res\103002_commander_2.bmp">
      <Filter>리소스 파일</Filter>
    </Image>
    <Image Include="res\103002_commander_3.bmp">
      <Filter>리소스 파일</Filter>
    </Image>
    <Image Include="res\103002_commanderR_0.bmp">
      <Filter>리소스 파일</Filter>
    </Image>
    <Image Include="res\103002_commanderR_1.bmp">
      <Filter>리소스 파일</Filter>
    </Image>
    <Image Include="res\103002_commanderR_2.bmp">
      <Filter>리소스 파일</Filter>
    </Image>
    <Image Include="res\103002_commanderR_3.bmp">
      <Filter>리소스 파일</Filter>
    </Image>
    <Image Include="res\103003_dragon_0.bmp">
      <Filter>리소스 파일</Filter>
    </Image>
    <Image Include="res\103003_dragon_1.bmp">
      <Filter>리소스 파일</Filter>
    </Image>
    <Image Include="res\103003_dragon_2.bmp">
      <Filter>리소스 파일</Filter>
    </Image>
    <Image Include="res\103003_dragon_3.bmp">
      <Filter>리소스 파일</Filter>
    </Image>
    <Image Include="res\103003_dragonR_0.bmp">
      <Filter>리소스 파일</Filter>
    </Image>
    <Image Include="res\103003_dragonR_1.bmp">
      <Filter>리소스 파일</Filter>
    </Image>
    <Image Include="res\103003_dragonR_2.bmp">
      <Filter>리소스 파일</Filter>
    </Image>
    <Image Include="res\103003_dragonR_3.bmp">
      <Filter>리소스 파일</Filter>
    </Image>
    <Image Include="res\103004_gollum_0.bmp">
      <Filter>리소스 파일</Filter>
    </Image>
    <Image Include="res\103004_gollum_1.bmp">
      <Filter>리소스 파일</Filter>
    </Image>
    <Image Include="res\103004_gollum_2.bmp">
      <Filter>리소스 파일</Filter>
    </Image>
    <Image Include="res\103004_gollum_3.bmp">
      <Filter>리소스 파일</Filter>
    </Image>
    <Image Include="res\103004_gollumR_0.bmp">
      <Filter>리소스 파일</Filter>
    </Image>
    <Image Include="res\103004_gollumR_1.bmp">
      <Filter>리소스 파일</Filter>
    </Image>
    <Image Include="res\103004_gollumR_2.bmp">
      <Filter>리소스 파일</Filter>
    </Image>
    <Image Include="res\103004_gollumR_3.bmp">
      <Filter>리소스 파일</Filter>
    </Image>
    <Image Include="res\thumb_100000.bmp">
      <Filter>리소스 파일</Filter>
    </Image>
    <Image Include="res\thumb_100001.bmp">
      <Filter>리소스 파일</Filter>
    </Image>
    <Image Include="res\thumb_100002.bmp">
      <Filter>리소스 파일</Filter>
    </Image>
    <Image Include="res\thumb_100003.bmp">
      <Filter>리소스 파일</Filter>
    </Image>
    <Image Include="res\thumb_100004.bmp">
      <Filter>리소스 파일</Filter>
    </Image>
    <Image Include="res\thumb_100005.bmp">
      <Filter>리소스 파일</Filter>
    </Image>
    <Image Include="res\thumb_100006.bmp">
      <Filter>리소스 파일</Filter>
    </Image>
    <Image Include="res\thumb_101000.bmp">
      <Filter>리소스 파일</Filter>
    </Image>
    <Image Include="res\thumb_101001.bmp">
      <Filter>리소스 파일</Filter>
    </Image>
    <Image Include="res\thumb_101002.bmp">
      <Filter>리소스 파일</Filter>
    </Image>
    <Image Include="res\thumb_101003.bmp">
      <Filter>리소스 파일</Filter>
    </Image>
    <Image Include="res\thumb_101004.bmp">
      <Filter>리소스 파일</Filter>
    </Image>
    <Image Include="res\thumb_101005.bmp">
      <Filter>리소스 파일</Filter>
    </Image>
    <Image Include="res\thumb_101006.bmp">
      <Filter>리소스 파일</Filter>
    </Image>
    <Image Include="res\thumb_102000.bmp">
      <Filter>리소스 파일</Filter>
    </Image>
    <Image Include="res\thumb_102001.bmp">
      <Filter>리소스 파일</Filter>
    </Image>
    <Image Include="res\thumb_102002.bmp">
      <Filter>리소스 파일</Filter>
    </Image>
    <Image Include="res\thumb_102003.bmp">
      <Filter>리소스 파일</Filter>
    </Image>
    <Image Include="res\thumb_102004.bmp">
      <Filter>리소스 파일</Filter>
    </Image>
    <Image Include="res\thumb_102005.bmp">
      <Filter>리소스 파일</Filter>
    </Image>
    <Image Include="res\thumb_102006.bmp">
      <Filter>리소스 파일</Filter>
    </Image>
    <Image Include="res\thumb_103000.bmp">
      <Filter>리소스 파일</Filter>
    </Image>
    <Image Include="res\thumb_103001.bmp">
      <Filter>리소스 파일</Filter>
    </Image>
    <Image Include="res\thumb_103002.bmp">
      <Filter>리소스 파일</Filter>
    </Image>
    <Image Include="res\thumb_103003.bmp">
      <Filter>리소스 파일</Filter>
    </Image>
    <Image Include="res\thumb_103004.bmp">
      <Filter>리소스 파일</Filter>
    </Image>
    <Image Include="res\QN.bmp">
      <Filter>리소스 파일</Filter>
    </Image>
    <Image Include="res\bg_map1_0.bmp">
      <Filter>리소스 파일</Filter>
    </Image>
    <Image Include="res\bg_map1_1.bmp">
      <Filter>리소스 파일</Filter>
    </Image>
    <Image Include="res\castle.bmp">
      <Filter>리소스 파일</Filter>
    </Image>
    <Image Include="res\mana_icon.bmp">
      <Filter>리소스 파일</Filter>
    </Image>
    <Image Include="res\pop_icon.bmp">
      <Filter>리소스 파일</Filter>
    </Image>
    <Image Include="res\slot.bmp">
      <Filter>리소스 파일</Filter>
    </Image>
    <Image Include="res\exit.bmp">
      <Filter>리소스 파일</Filter>
    </Image>
  </ItemGroup>
</Project>